
Microsoft Visual Studio Solution File, Format Version 12.00
# Visual Studio Version 17
VisualStudioVersion = 17.6.33723.286
MinimumVisualStudioVersion = 10.0.40219.1
Project("{FAE04EC0-301F-11D3-BF4B-00C04F79EFBC}") = "MCUNetwork", "MCUNetwork.csproj", "{5C333D47-0CF4-4C05-A3B3-310A08DABAB6}"
EndProject
Global
	GlobalSection(SolutionConfigurationPlatforms) = preSolution
		Debug|Any CPU = Debug|Any CPU
		Release|Any CPU = Release|Any CPU
	EndGlobalSection
	GlobalSection(ProjectConfigurationPlatforms) = postSolution
		{5C333D47-0CF4-4C05-A3B3-310A08DABAB6}.Debug|Any CPU.ActiveCfg = Debug|Any CPU
		{5C333D47-0CF4-4C05-A3B3-310A08DABAB6}.Debug|Any CPU.Build.0 = Debug|Any CPU
		{5C333D47-0CF4-4C05-A3B3-310A08DABAB6}.Release|Any CPU.ActiveCfg = Release|Any CPU
		{5C333D47-0CF4-4C05-A3B3-310A08DABAB6}.Release|Any CPU.Build.0 = Release|Any CPU
	EndGlobalSection
	GlobalSection(SolutionProperties) = preSolution
		HideSolutionNode = FALSE
	EndGlobalSection
	GlobalSection(ExtensibilityGlobals) = postSolution
		SolutionGuid = {A66E3561-BBD9-4037-818F-EA20D6DBF26B}
	EndGlobalSection
EndGlobal
